
Microsoft Visual Studio Solution File, Format Version 12.00
# Visual Studio Version 17
VisualStudioVersion = 17.8.34212.112
MinimumVisualStudioVersion = 10.0.40219.1
Project("{FAE04EC0-301F-11D3-BF4B-00C04F79EFBC}") = "CarRent", "CarRent\CarRent.csproj", "{BAF746A9-3161-40FF-AC34-7E2674C00E6E}"
EndProject
Global
	GlobalSection(SolutionConfigurationPlatforms) = preSolution
		Debug|Any CPU = Debug|Any CPU
		Release|Any CPU = Release|Any CPU
	EndGlobalSection
	GlobalSection(ProjectConfigurationPlatforms) = postSolution
		{BAF746A9-3161-40FF-AC34-7E2674C00E6E}.Debug|Any CPU.ActiveCfg = Debug|Any CPU
		{BAF746A9-3161-40FF-AC34-7E2674C00E6E}.Debug|Any CPU.Build.0 = Debug|Any CPU
		{BAF746A9-3161-40FF-AC34-7E2674C00E6E}.Release|Any CPU.ActiveCfg = Release|Any CPU
		{BAF746A9-3161-40FF-AC34-7E2674C00E6E}.Release|Any CPU.Build.0 = Release|Any CPU
	EndGlobalSection
	GlobalSection(SolutionProperties) = preSolution
		HideSolutionNode = FALSE
	EndGlobalSection
	GlobalSection(ExtensibilityGlobals) = postSolution
		SolutionGuid = {81CA90AB-1DF5-419A-8170-176BDE1BEEE6}
	EndGlobalSection
EndGlobal
